// !$*UTF8*$!
{
	archiveVersion = 1;
	classes = {
	};
	objectVersion = 50;
	objects = {

/* Begin PBXBuildFile section */
		2A23680622D35ACF00449C96 /* AppDelegate.swift in Sources */ = {isa = PBXBuildFile; fileRef = 2A23680522D35ACF00449C96 /* AppDelegate.swift */; };
		2A23680822D35ACF00449C96 /* ViewController.swift in Sources */ = {isa = PBXBuildFile; fileRef = 2A23680722D35ACF00449C96 /* ViewController.swift */; };
		2A23680A22D35ACF00449C96 /* Document.swift in Sources */ = {isa = PBXBuildFile; fileRef = 2A23680922D35ACF00449C96 /* Document.swift */; };
		2A23680C22D35AD200449C96 /* Assets.xcassets in Resources */ = {isa = PBXBuildFile; fileRef = 2A23680B22D35AD200449C96 /* Assets.xcassets */; };
		2A23680F22D35AD200449C96 /* Main.storyboard in Resources */ = {isa = PBXBuildFile; fileRef = 2A23680D22D35AD200449C96 /* Main.storyboard */; };
		2A23681B22D35AD200449C96 /* PopgraphTests.swift in Sources */ = {isa = PBXBuildFile; fileRef = 2A23681A22D35AD200449C96 /* PopgraphTests.swift */; };
		2A7F7C8D22D38E3A0014AB4D /* DLabPopgraphKit.framework in Frameworks */ = {isa = PBXBuildFile; fileRef = 2A7F7C8C22D38E3A0014AB4D /* DLabPopgraphKit.framework */; };
		2A7F7C8E22D38E3A0014AB4D /* DLabPopgraphKit.framework in Embed Frameworks */ = {isa = PBXBuildFile; fileRef = 2A7F7C8C22D38E3A0014AB4D /* DLabPopgraphKit.framework */; settings = {ATTRIBUTES = (CodeSignOnCopy, RemoveHeadersOnCopy, ); }; };
		2AA9684922E20B4700F9C3D4 /* DLabKit.framework in Frameworks */ = {isa = PBXBuildFile; fileRef = 2AA9684822E20B4700F9C3D4 /* DLabKit.framework */; };
		2AA9684A22E20B4700F9C3D4 /* DLabKit.framework in Embed Frameworks */ = {isa = PBXBuildFile; fileRef = 2AA9684822E20B4700F9C3D4 /* DLabKit.framework */; settings = {ATTRIBUTES = (CodeSignOnCopy, RemoveHeadersOnCopy, ); }; };
/* End PBXBuildFile section */

/* Begin PBXContainerItemProxy section */
		2A23681722D35AD200449C96 /* PBXContainerItemProxy */ = {
			isa = PBXContainerItemProxy;
			containerPortal = 2A2367FA22D35ACF00449C96 /* Project object */;
			proxyType = 1;
			remoteGlobalIDString = 2A23680122D35ACF00449C96;
			remoteInfo = Popgraph;
		};
/* End PBXContainerItemProxy section */

/* Begin PBXCopyFilesBuildPhase section */
		2A23682C22D35B0D00449C96 /* Embed Frameworks */ = {
			isa = PBXCopyFilesBuildPhase;
			buildActionMask = 2147483647;
			dstPath = "";
			dstSubfolderSpec = 10;
			files = (
				2AA9684A22E20B4700F9C3D4 /* DLabKit.framework in Embed Frameworks */,
				2A7F7C8E22D38E3A0014AB4D /* DLabPopgraphKit.framework in Embed Frameworks */,
			);
			name = "Embed Frameworks";
			runOnlyForDeploymentPostprocessing = 0;
		};
/* End PBXCopyFilesBuildPhase section */

/* Begin PBXFileReference section */
		2A23680222D35ACF00449C96 /* Popgraph.app */ = {isa = PBXFileReference; explicitFileType = wrapper.application; includeInIndex = 0; path = Popgraph.app; sourceTree = BUILT_PRODUCTS_DIR; };
		2A23680522D35ACF00449C96 /* AppDelegate.swift */ = {isa = PBXFileReference; lastKnownFileType = sourcecode.swift; path = AppDelegate.swift; sourceTree = "<group>"; };
		2A23680722D35ACF00449C96 /* ViewController.swift */ = {isa = PBXFileReference; lastKnownFileType = sourcecode.swift; path = ViewController.swift; sourceTree = "<group>"; };
		2A23680922D35ACF00449C96 /* Document.swift */ = {isa = PBXFileReference; lastKnownFileType = sourcecode.swift; path = Document.swift; sourceTree = "<group>"; };
		2A23680B22D35AD200449C96 /* Assets.xcassets */ = {isa = PBXFileReference; lastKnownFileType = folder.assetcatalog; path = Assets.xcassets; sourceTree = "<group>"; };
		2A23680E22D35AD200449C96 /* Base */ = {isa = PBXFileReference; lastKnownFileType = file.storyboard; name = Base; path = Base.lproj/Main.storyboard; sourceTree = "<group>"; };
		2A23681022D35AD200449C96 /* Info.plist */ = {isa = PBXFileReference; lastKnownFileType = text.plist.xml; path = Info.plist; sourceTree = "<group>"; };
		2A23681122D35AD200449C96 /* Popgraph.entitlements */ = {isa = PBXFileReference; lastKnownFileType = text.plist.entitlements; path = Popgraph.entitlements; sourceTree = "<group>"; };
		2A23681622D35AD200449C96 /* PopgraphTests.xctest */ = {isa = PBXFileReference; explicitFileType = wrapper.cfbundle; includeInIndex = 0; path = PopgraphTests.xctest; sourceTree = BUILT_PRODUCTS_DIR; };
		2A23681A22D35AD200449C96 /* PopgraphTests.swift */ = {isa = PBXFileReference; lastKnownFileType = sourcecode.swift; path = PopgraphTests.swift; sourceTree = "<group>"; };
		2A23681C22D35AD200449C96 /* Info.plist */ = {isa = PBXFileReference; lastKnownFileType = text.plist.xml; path = Info.plist; sourceTree = "<group>"; };
		2A7F7C8C22D38E3A0014AB4D /* DLabPopgraphKit.framework */ = {isa = PBXFileReference; explicitFileType = wrapper.framework; path = DLabPopgraphKit.framework; sourceTree = BUILT_PRODUCTS_DIR; };
		2AA9684822E20B4700F9C3D4 /* DLabKit.framework */ = {isa = PBXFileReference; explicitFileType = wrapper.framework; path = DLabKit.framework; sourceTree = BUILT_PRODUCTS_DIR; };
/* End PBXFileReference section */

/* Begin PBXFrameworksBuildPhase section */
		2A2367FF22D35ACF00449C96 /* Frameworks */ = {
			isa = PBXFrameworksBuildPhase;
			buildActionMask = 2147483647;
			files = (
				2AA9684922E20B4700F9C3D4 /* DLabKit.framework in Frameworks */,
				2A7F7C8D22D38E3A0014AB4D /* DLabPopgraphKit.framework in Frameworks */,
			);
			runOnlyForDeploymentPostprocessing = 0;
		};
		2A23681322D35AD200449C96 /* Frameworks */ = {
			isa = PBXFrameworksBuildPhase;
			buildActionMask = 2147483647;
			files = (
			);
			runOnlyForDeploymentPostprocessing = 0;
		};
/* End PBXFrameworksBuildPhase section */

/* Begin PBXGroup section */
		2A2367F922D35ACF00449C96 = {
			isa = PBXGroup;
			children = (
				2A23680422D35ACF00449C96 /* Popgraph */,
				2A23681922D35AD200449C96 /* PopgraphTests */,
				2A23680322D35ACF00449C96 /* Products */,
				2A23682522D35B0D00449C96 /* Frameworks */,
			);
			sourceTree = "<group>";
		};
		2A23680322D35ACF00449C96 /* Products */ = {
			isa = PBXGroup;
			children = (
				2A23680222D35ACF00449C96 /* Popgraph.app */,
				2A23681622D35AD200449C96 /* PopgraphTests.xctest */,
			);
			name = Products;
			sourceTree = "<group>";
		};
		2A23680422D35ACF00449C96 /* Popgraph */ = {
			isa = PBXGroup;
			children = (
				2A23680522D35ACF00449C96 /* AppDelegate.swift */,
				2A23680722D35ACF00449C96 /* ViewController.swift */,
				2A23680922D35ACF00449C96 /* Document.swift */,
				2A23680B22D35AD200449C96 /* Assets.xcassets */,
				2A23680D22D35AD200449C96 /* Main.storyboard */,
				2A23681022D35AD200449C96 /* Info.plist */,
				2A23681122D35AD200449C96 /* Popgraph.entitlements */,
			);
			path = Popgraph;
			sourceTree = "<group>";
		};
		2A23681922D35AD200449C96 /* PopgraphTests */ = {
			isa = PBXGroup;
			children = (
				2A23681A22D35AD200449C96 /* PopgraphTests.swift */,
				2A23681C22D35AD200449C96 /* Info.plist */,
			);
			path = PopgraphTests;
			sourceTree = "<group>";
		};
		2A23682522D35B0D00449C96 /* Frameworks */ = {
			isa = PBXGroup;
			children = (
				2AA9684822E20B4700F9C3D4 /* DLabKit.framework */,
				2A7F7C8C22D38E3A0014AB4D /* DLabPopgraphKit.framework */,
			);
			name = Frameworks;
			sourceTree = "<group>";
		};
/* End PBXGroup section */

/* Begin PBXNativeTarget section */
		2A23680122D35ACF00449C96 /* Popgraph */ = {
			isa = PBXNativeTarget;
			buildConfigurationList = 2A23681F22D35AD200449C96 /* Build configuration list for PBXNativeTarget "Popgraph" */;
			buildPhases = (
				2A2367FE22D35ACF00449C96 /* Sources */,
				2A2367FF22D35ACF00449C96 /* Frameworks */,
				2A23680022D35ACF00449C96 /* Resources */,
				2A23682C22D35B0D00449C96 /* Embed Frameworks */,
			);
			buildRules = (
			);
			dependencies = (
			);
			name = Popgraph;
			productName = Popgraph;
			productReference = 2A23680222D35ACF00449C96 /* Popgraph.app */;
			productType = "com.apple.product-type.application";
		};
		2A23681522D35AD200449C96 /* PopgraphTests */ = {
			isa = PBXNativeTarget;
			buildConfigurationList = 2A23682222D35AD200449C96 /* Build configuration list for PBXNativeTarget "PopgraphTests" */;
			buildPhases = (
				2A23681222D35AD200449C96 /* Sources */,
				2A23681322D35AD200449C96 /* Frameworks */,
				2A23681422D35AD200449C96 /* Resources */,
			);
			buildRules = (
			);
			dependencies = (
				2A23681822D35AD200449C96 /* PBXTargetDependency */,
			);
			name = PopgraphTests;
			productName = PopgraphTests;
			productReference = 2A23681622D35AD200449C96 /* PopgraphTests.xctest */;
			productType = "com.apple.product-type.bundle.unit-test";
		};
/* End PBXNativeTarget section */

/* Begin PBXProject section */
		2A2367FA22D35ACF00449C96 /* Project object */ = {
			isa = PBXProject;
			attributes = {
				LastSwiftUpdateCheck = 1100;
				LastUpgradeCheck = 1120;
				ORGANIZATIONNAME = "Rodney Dyer";
				TargetAttributes = {
					2A23680122D35ACF00449C96 = {
						CreatedOnToolsVersion = 11.0;
					};
					2A23681522D35AD200449C96 = {
						CreatedOnToolsVersion = 11.0;
						TestTargetID = 2A23680122D35ACF00449C96;
					};
				};
			};
			buildConfigurationList = 2A2367FD22D35ACF00449C96 /* Build configuration list for PBXProject "Popgraph" */;
			compatibilityVersion = "Xcode 9.3";
			developmentRegion = en;
			hasScannedForEncodings = 0;
			knownRegions = (
				en,
				Base,
			);
			mainGroup = 2A2367F922D35ACF00449C96;
			productRefGroup = 2A23680322D35ACF00449C96 /* Products */;
			projectDirPath = "";
			projectRoot = "";
			targets = (
				2A23680122D35ACF00449C96 /* Popgraph */,
				2A23681522D35AD200449C96 /* PopgraphTests */,
			);
		};
/* End PBXProject section */

/* Begin PBXResourcesBuildPhase section */
		2A23680022D35ACF00449C96 /* Resources */ = {
			isa = PBXResourcesBuildPhase;
			buildActionMask = 2147483647;
			files = (
				2A23680C22D35AD200449C96 /* Assets.xcassets in Resources */,
				2A23680F22D35AD200449C96 /* Main.storyboard in Resources */,
			);
			runOnlyForDeploymentPostprocessing = 0;
		};
		2A23681422D35AD200449C96 /* Resources */ = {
			isa = PBXResourcesBuildPhase;
			buildActionMask = 2147483647;
			files = (
			);
			runOnlyForDeploymentPostprocessing = 0;
		};
/* End PBXResourcesBuildPhase section */

/* Begin PBXSourcesBuildPhase section */
		2A2367FE22D35ACF00449C96 /* Sources */ = {
			isa = PBXSourcesBuildPhase;
			buildActionMask = 2147483647;
			files = (
				2A23680822D35ACF00449C96 /* ViewController.swift in Sources */,
				2A23680622D35ACF00449C96 /* AppDelegate.swift in Sources */,
				2A23680A22D35ACF00449C96 /* Document.swift in Sources */,
			);
			runOnlyForDeploymentPostprocessing = 0;
		};
		2A23681222D35AD200449C96 /* Sources */ = {
			isa = PBXSourcesBuildPhase;
			buildActionMask = 2147483647;
			files = (
				2A23681B22D35AD200449C96 /* PopgraphTests.swift in Sources */,
			);
			runOnlyForDeploymentPostprocessing = 0;
		};
/* End PBXSourcesBuildPhase section */

/* Begin PBXTargetDependency section */
		2A23681822D35AD200449C96 /* PBXTargetDependency */ = {
			isa = PBXTargetDependency;
			target = 2A23680122D35ACF00449C96 /* Popgraph */;
			targetProxy = 2A23681722D35AD200449C96 /* PBXContainerItemProxy */;
		};
/* End PBXTargetDependency section */

/* Begin PBXVariantGroup section */
		2A23680D22D35AD200449C96 /* Main.storyboard */ = {
			isa = PBXVariantGroup;
			children = (
				2A23680E22D35AD200449C96 /* Base */,
			);
			name = Main.storyboard;
			sourceTree = "<group>";
		};
/* End PBXVariantGroup section */

/* Begin XCBuildConfiguration section */
		2A23681D22D35AD200449C96 /* Debug */ = {
			isa = XCBuildConfiguration;
			buildSettings = {
				ALWAYS_SEARCH_USER_PATHS = NO;
				CLANG_ANALYZER_NONNULL = YES;
				CLANG_ANALYZER_NUMBER_OBJECT_CONVERSION = YES_AGGRESSIVE;
				CLANG_CXX_LANGUAGE_STANDARD = "gnu++14";
				CLANG_CXX_LIBRARY = "libc++";
				CLANG_ENABLE_MODULES = YES;
				CLANG_ENABLE_OBJC_ARC = YES;
				CLANG_ENABLE_OBJC_WEAK = YES;
				CLANG_WARN_BLOCK_CAPTURE_AUTORELEASING = YES;
				CLANG_WARN_BOOL_CONVERSION = YES;
				CLANG_WARN_COMMA = YES;
				CLANG_WARN_CONSTANT_CONVERSION = YES;
				CLANG_WARN_DEPRECATED_OBJC_IMPLEMENTATIONS = YES;
				CLANG_WARN_DIRECT_OBJC_ISA_USAGE = YES_ERROR;
				CLANG_WARN_DOCUMENTATION_COMMENTS = YES;
				CLANG_WARN_EMPTY_BODY = YES;
				CLANG_WARN_ENUM_CONVERSION = YES;
				CLANG_WARN_INFINITE_RECURSION = YES;
				CLANG_WARN_INT_CONVERSION = YES;
				CLANG_WARN_NON_LITERAL_NULL_CONVERSION = YES;
				CLANG_WARN_OBJC_IMPLICIT_RETAIN_SELF = YES;
				CLANG_WARN_OBJC_LITERAL_CONVERSION = YES;
				CLANG_WARN_OBJC_ROOT_CLASS = YES_ERROR;
				CLANG_WARN_RANGE_LOOP_ANALYSIS = YES;
				CLANG_WARN_STRICT_PROTOTYPES = YES;
				CLANG_WARN_SUSPICIOUS_MOVE = YES;
				CLANG_WARN_UNGUARDED_AVAILABILITY = YES_AGGRESSIVE;
				CLANG_WARN_UNREACHABLE_CODE = YES;
				CLANG_WARN__DUPLICATE_METHOD_MATCH = YES;
				COPY_PHASE_STRIP = NO;
				DEBUG_INFORMATION_FORMAT = dwarf;
				ENABLE_STRICT_OBJC_MSGSEND = YES;
				ENABLE_TESTABILITY = YES;
				"FRAMEWORK_SEARCH_PATHS[arch=*]" = "";
				GCC_C_LANGUAGE_STANDARD = gnu11;
				GCC_DYNAMIC_NO_PIC = NO;
				GCC_NO_COMMON_BLOCKS = YES;
				GCC_OPTIMIZATION_LEVEL = 0;
				GCC_PREPROCESSOR_DEFINITIONS = (
					"DEBUG=1",
					"$(inherited)",
				);
				GCC_WARN_64_TO_32_BIT_CONVERSION = YES;
				GCC_WARN_ABOUT_RETURN_TYPE = YES_ERROR;
				GCC_WARN_UNDECLARED_SELECTOR = YES;
				GCC_WARN_UNINITIALIZED_AUTOS = YES_AGGRESSIVE;
				GCC_WARN_UNUSED_FUNCTION = YES;
				GCC_WARN_UNUSED_VARIABLE = YES;
				MACOSX_DEPLOYMENT_TARGET = 10.15;
				MTL_ENABLE_DEBUG_INFO = INCLUDE_SOURCE;
				MTL_FAST_MATH = YES;
				ONLY_ACTIVE_ARCH = YES;
				SDKROOT = macosx;
				SWIFT_ACTIVE_COMPILATION_CONDITIONS = DEBUG;
				SWIFT_OPTIMIZATION_LEVEL = "-Onone";
			};
			name = Debug;
		};
		2A23681E22D35AD200449C96 /* Release */ = {
			isa = XCBuildConfiguration;
			buildSettings = {
				ALWAYS_SEARCH_USER_PATHS = NO;
				CLANG_ANALYZER_NONNULL = YES;
				CLANG_ANALYZER_NUMBER_OBJECT_CONVERSION = YES_AGGRESSIVE;
				CLANG_CXX_LANGUAGE_STANDARD = "gnu++14";
				CLANG_CXX_LIBRARY = "libc++";
				CLANG_ENABLE_MODULES = YES;
				CLANG_ENABLE_OBJC_ARC = YES;
				CLANG_ENABLE_OBJC_WEAK = YES;
				CLANG_WARN_BLOCK_CAPTURE_AUTORELEASING = YES;
				CLANG_WARN_BOOL_CONVERSION = YES;
				CLANG_WARN_COMMA = YES;
				CLANG_WARN_CONSTANT_CONVERSION = YES;
				CLANG_WARN_DEPRECATED_OBJC_IMPLEMENTATIONS = YES;
				CLANG_WARN_DIRECT_OBJC_ISA_USAGE = YES_ERROR;
				CLANG_WARN_DOCUMENTATION_COMMENTS = YES;
				CLANG_WARN_EMPTY_BODY = YES;
				CLANG_WARN_ENUM_CONVERSION = YES;
				CLANG_WARN_INFINITE_RECURSION = YES;
				CLANG_WARN_INT_CONVERSION = YES;
				CLANG_WARN_NON_LITERAL_NULL_CONVERSION = YES;
				CLANG_WARN_OBJC_IMPLICIT_RETAIN_SELF = YES;
				CLANG_WARN_OBJC_LITERAL_CONVERSION = YES;
				CLANG_WARN_OBJC_ROOT_CLASS = YES_ERROR;
				CLANG_WARN_RANGE_LOOP_ANALYSIS = YES;
				CLANG_WARN_STRICT_PROTOTYPES = YES;
				CLANG_WARN_SUSPICIOUS_MOVE = YES;
				CLANG_WARN_UNGUARDED_AVAILABILITY = YES_AGGRESSIVE;
				CLANG_WARN_UNREACHABLE_CODE = YES;
				CLANG_WARN__DUPLICATE_METHOD_MATCH = YES;
				COPY_PHASE_STRIP = NO;
				DEBUG_INFORMATION_FORMAT = "dwarf-with-dsym";
				ENABLE_NS_ASSERTIONS = NO;
				ENABLE_STRICT_OBJC_MSGSEND = YES;
				GCC_C_LANGUAGE_STANDARD = gnu11;
				GCC_NO_COMMON_BLOCKS = YES;
				GCC_WARN_64_TO_32_BIT_CONVERSION = YES;
				GCC_WARN_ABOUT_RETURN_TYPE = YES_ERROR;
				GCC_WARN_UNDECLARED_SELECTOR = YES;
				GCC_WARN_UNINITIALIZED_AUTOS = YES_AGGRESSIVE;
				GCC_WARN_UNUSED_FUNCTION = YES;
				GCC_WARN_UNUSED_VARIABLE = YES;
				MACOSX_DEPLOYMENT_TARGET = 10.15;
				MTL_ENABLE_DEBUG_INFO = NO;
				MTL_FAST_MATH = YES;
				SDKROOT = macosx;
				SWIFT_COMPILATION_MODE = wholemodule;
				SWIFT_OPTIMIZATION_LEVEL = "-O";
			};
			name = Release;
		};
		2A23682022D35AD200449C96 /* Debug */ = {
			isa = XCBuildConfiguration;
			buildSettings = {
				ASSETCATALOG_COMPILER_APPICON_NAME = AppIcon;
				CODE_SIGN_ENTITLEMENTS = Popgraph/Popgraph.entitlements;
				CODE_SIGN_IDENTITY = "-";
				CODE_SIGN_STYLE = Automatic;
				COMBINE_HIDPI_IMAGES = YES;
				DEVELOPMENT_TEAM = 2D28XM92C4;
				ENABLE_HARDENED_RUNTIME = YES;
				INFOPLIST_FILE = Popgraph/Info.plist;
				LD_RUNPATH_SEARCH_PATHS = (
					"$(inherited)",
					"@executable_path/../Frameworks",
				);
				MACOSX_DEPLOYMENT_TARGET = 10.14;
				PRODUCT_BUNDLE_IDENTIFIER = com.dyerlab.Popgraph;
				PRODUCT_NAME = "$(TARGET_NAME)";
				SWIFT_VERSION = 5.0;
			};
			name = Debug;
		};
		2A23682122D35AD200449C96 /* Release */ = {
			isa = XCBuildConfiguration;
			buildSettings = {
				ASSETCATALOG_COMPILER_APPICON_NAME = AppIcon;
				CODE_SIGN_ENTITLEMENTS = Popgraph/Popgraph.entitlements;
				CODE_SIGN_IDENTITY = "-";
				CODE_SIGN_STYLE = Automatic;
				COMBINE_HIDPI_IMAGES = YES;
				DEVELOPMENT_TEAM = 2D28XM92C4;
				ENABLE_HARDENED_RUNTIME = YES;
				INFOPLIST_FILE = Popgraph/Info.plist;
				LD_RUNPATH_SEARCH_PATHS = (
					"$(inherited)",
					"@executable_path/../Frameworks",
				);
				MACOSX_DEPLOYMENT_TARGET = 10.14;
				PRODUCT_BUNDLE_IDENTIFIER = com.dyerlab.Popgraph;
				PRODUCT_NAME = "$(TARGET_NAME)";
				SWIFT_VERSION = 5.0;
			};
			name = Release;
		};
		2A23682322D35AD200449C96 /* Debug */ = {
			isa = XCBuildConfiguration;
			buildSettings = {
				ALWAYS_EMBED_SWIFT_STANDARD_LIBRARIES = YES;
				BUNDLE_LOADER = "$(TEST_HOST)";
				CODE_SIGN_STYLE = Automatic;
				COMBINE_HIDPI_IMAGES = YES;
				DEVELOPMENT_TEAM = 2D28XM92C4;
				INFOPLIST_FILE = PopgraphTests/Info.plist;
				LD_RUNPATH_SEARCH_PATHS = (
					"$(inherited)",
					"@executable_path/../Frameworks",
					"@loader_path/../Frameworks",
				);
				PRODUCT_BUNDLE_IDENTIFIER = com.dyerlab.PopgraphTests;
				PRODUCT_NAME = "$(TARGET_NAME)";
				SWIFT_VERSION = 5.0;
				TEST_HOST = "$(BUILT_PRODUCTS_DIR)/Popgraph.app/Contents/MacOS/Popgraph";
			};
			name = Debug;
		};
		2A23682422D35AD200449C96 /* Release */ = {
			isa = XCBuildConfiguration;
			buildSettings = {
				ALWAYS_EMBED_SWIFT_STANDARD_LIBRARIES = YES;
				BUNDLE_LOADER = "$(TEST_HOST)";
				CODE_SIGN_STYLE = Automatic;
				COMBINE_HIDPI_IMAGES = YES;
				DEVELOPMENT_TEAM = 2D28XM92C4;
				INFOPLIST_FILE = PopgraphTests/Info.plist;
				LD_RUNPATH_SEARCH_PATHS = (
					"$(inherited)",
					"@executable_path/../Frameworks",
					"@loader_path/../Frameworks",
				);
				PRODUCT_BUNDLE_IDENTIFIER = com.dyerlab.PopgraphTests;
				PRODUCT_NAME = "$(TARGET_NAME)";
				SWIFT_VERSION = 5.0;
				TEST_HOST = "$(BUILT_PRODUCTS_DIR)/Popgraph.app/Contents/MacOS/Popgraph";
			};
			name = Release;
		};
/* End XCBuildConfiguration section */

/* Begin XCConfigurationList section */
		2A2367FD22D35ACF00449C96 /* Build configuration list for PBXProject "Popgraph" */ = {
			isa = XCConfigurationList;
			buildConfigurations = (
				2A23681D22D35AD200449C96 /* Debug */,
				2A23681E22D35AD200449C96 /* Release */,
			);
			defaultConfigurationIsVisible = 0;
			defaultConfigurationName = Release;
		};
		2A23681F22D35AD200449C96 /* Build configuration list for PBXNativeTarget "Popgraph" */ = {
			isa = XCConfigurationList;
			buildConfigurations = (
				2A23682022D35AD200449C96 /* Debug */,
				2A23682122D35AD200449C96 /* Release */,
			);
			defaultConfigurationIsVisible = 0;
			defaultConfigurationName = Release;
		};
		2A23682222D35AD200449C96 /* Build configuration list for PBXNativeTarget "PopgraphTests" */ = {
			isa = XCConfigurationList;
			buildConfigurations = (
				2A23682322D35AD200449C96 /* Debug */,
				2A23682422D35AD200449C96 /* Release */,
			);
			defaultConfigurationIsVisible = 0;
			defaultConfigurationName = Release;
		};
/* End XCConfigurationList section */
	};
	rootObject = 2A2367FA22D35ACF00449C96 /* Project object */;
}
